
Microsoft Visual Studio Solution File, Format Version 12.00
# Visual Studio Version 17
VisualStudioVersion = 17.1.32210.238
MinimumVisualStudioVersion = 10.0.40219.1
Project("{FAE04EC0-301F-11D3-BF4B-00C04F79EFBC}") = "TestWebsite", "TestWebsite\TestWebsite.csproj", "{064DABCE-2426-4D39-9780-C419684524A2}"
EndProject
Global
	GlobalSection(SolutionConfigurationPlatforms) = preSolution
		Debug|Any CPU = Debug|Any CPU
		Release|Any CPU = Release|Any CPU
	EndGlobalSection
	GlobalSection(ProjectConfigurationPlatforms) = postSolution
		{064DABCE-2426-4D39-9780-C419684524A2}.Debug|Any CPU.ActiveCfg = Debug|Any CPU
		{064DABCE-2426-4D39-9780-C419684524A2}.Debug|Any CPU.Build.0 = Debug|Any CPU
		{064DABCE-2426-4D39-9780-C419684524A2}.Release|Any CPU.ActiveCfg = Release|Any CPU
		{064DABCE-2426-4D39-9780-C419684524A2}.Release|Any CPU.Build.0 = Release|Any CPU
	EndGlobalSection
	GlobalSection(SolutionProperties) = preSolution
		HideSolutionNode = FALSE
	EndGlobalSection
	GlobalSection(ExtensibilityGlobals) = postSolution
		SolutionGuid = {3DD43C37-348F-4435-9A3E-83FBC55B8C7D}
	EndGlobalSection
EndGlobal
